// !$*UTF8*$!
{
	archiveVersion = 1;
	classes = {
	};
	objectVersion = 56;
	objects = {

/* Begin PBXBuildFile section */
		B100000001 /* AppDelegate.swift in Sources */ = {isa = PBXBuildFile; fileRef = B100000011 /* AppDelegate.swift */; };
		B100000002 /* GameViewController.swift in Sources */ = {isa = PBXBuildFile; fileRef = B100000012 /* GameViewController.swift */; };
		B100000003 /* GameScene.swift in Sources */ = {isa = PBXBuildFile; fileRef = B100000013 /* GameScene.swift */; };
		B100000004 /* GameState.swift in Sources */ = {isa = PBXBuildFile; fileRef = B100000014 /* GameState.swift */; };
		B100000005 /* GameMap.swift in Sources */ = {isa = PBXBuildFile; fileRef = B100000015 /* GameMap.swift */; };
		B100000006 /* GameConstants.swift in Sources */ = {isa = PBXBuildFile; fileRef = B100000016 /* GameConstants.swift */; };
		B100000007 /* Units.swift in Sources */ = {isa = PBXBuildFile; fileRef = B100000017 /* Units.swift */; };
		B100000008 /* PlayerBuildings.swift in Sources */ = {isa = PBXBuildFile; fileRef = B100000018 /* PlayerBuildings.swift */; };
		B100000009 /* MapObjects.swift in Sources */ = {isa = PBXBuildFile; fileRef = B100000019 /* MapObjects.swift */; };
		B10000000A /* TitleScene.swift in Sources */ = {isa = PBXBuildFile; fileRef = B10000001A /* TitleScene.swift */; };
		B10000000B /* MainMenuScene.swift in Sources */ = {isa = PBXBuildFile; fileRef = B10000001B /* MainMenuScene.swift */; };
		B10000000C /* NewGameMenuScene.swift in Sources */ = {isa = PBXBuildFile; fileRef = B10000001C /* NewGameMenuScene.swift */; };
		B10000000D /* CreditsScene.swift in Sources */ = {isa = PBXBuildFile; fileRef = B10000001D /* CreditsScene.swift */; };
		B100000020 /* Assets.xcassets in Resources */ = {isa = PBXBuildFile; fileRef = B100000030 /* Assets.xcassets */; };
		B100000021 /* LaunchScreen.storyboard in Resources */ = {isa = PBXBuildFile; fileRef = B100000031 /* LaunchScreen.storyboard */; };
		B100000022 /* Main.storyboard in Resources */ = {isa = PBXBuildFile; fileRef = B100000033 /* Main.storyboard */; };
/* End PBXBuildFile section */

/* Begin PBXFileReference section */
		B100000010 /* ShatteredColony.app */ = {isa = PBXFileReference; explicitFileType = wrapper.application; includeInIndex = 0; path = ShatteredColony.app; sourceTree = BUILT_PRODUCTS_DIR; };
		B100000011 /* AppDelegate.swift */ = {isa = PBXFileReference; lastKnownFileType = sourcecode.swift; path = AppDelegate.swift; sourceTree = "<group>"; };
		B100000012 /* GameViewController.swift */ = {isa = PBXFileReference; lastKnownFileType = sourcecode.swift; path = GameViewController.swift; sourceTree = "<group>"; };
		B100000013 /* GameScene.swift */ = {isa = PBXFileReference; lastKnownFileType = sourcecode.swift; path = GameScene.swift; sourceTree = "<group>"; };
		B100000014 /* GameState.swift */ = {isa = PBXFileReference; lastKnownFileType = sourcecode.swift; path = GameState.swift; sourceTree = "<group>"; };
		B100000015 /* GameMap.swift */ = {isa = PBXFileReference; lastKnownFileType = sourcecode.swift; path = GameMap.swift; sourceTree = "<group>"; };
		B100000016 /* GameConstants.swift */ = {isa = PBXFileReference; lastKnownFileType = sourcecode.swift; path = GameConstants.swift; sourceTree = "<group>"; };
		B100000017 /* Units.swift */ = {isa = PBXFileReference; lastKnownFileType = sourcecode.swift; path = Units.swift; sourceTree = "<group>"; };
		B100000018 /* PlayerBuildings.swift */ = {isa = PBXFileReference; lastKnownFileType = sourcecode.swift; path = PlayerBuildings.swift; sourceTree = "<group>"; };
		B100000019 /* MapObjects.swift */ = {isa = PBXFileReference; lastKnownFileType = sourcecode.swift; path = MapObjects.swift; sourceTree = "<group>"; };
		B10000001A /* TitleScene.swift */ = {isa = PBXFileReference; lastKnownFileType = sourcecode.swift; path = TitleScene.swift; sourceTree = "<group>"; };
		B10000001B /* MainMenuScene.swift */ = {isa = PBXFileReference; lastKnownFileType = sourcecode.swift; path = MainMenuScene.swift; sourceTree = "<group>"; };
		B10000001C /* NewGameMenuScene.swift */ = {isa = PBXFileReference; lastKnownFileType = sourcecode.swift; path = NewGameMenuScene.swift; sourceTree = "<group>"; };
		B10000001D /* CreditsScene.swift */ = {isa = PBXFileReference; lastKnownFileType = sourcecode.swift; path = CreditsScene.swift; sourceTree = "<group>"; };
		B100000030 /* Assets.xcassets */ = {isa = PBXFileReference; lastKnownFileType = folder.assetcatalog; path = Assets.xcassets; sourceTree = "<group>"; };
		B100000032 /* Base */ = {isa = PBXFileReference; lastKnownFileType = file.storyboard; name = Base; path = Base.lproj/LaunchScreen.storyboard; sourceTree = "<group>"; };
		B100000034 /* Base */ = {isa = PBXFileReference; lastKnownFileType = file.storyboard; name = Base; path = Base.lproj/Main.storyboard; sourceTree = "<group>"; };
		B100000040 /* Info.plist */ = {isa = PBXFileReference; lastKnownFileType = text.plist.xml; path = Info.plist; sourceTree = "<group>"; };
/* End PBXFileReference section */

/* Begin PBXFrameworksBuildPhase section */
		B10000000E /* Frameworks */ = {
			isa = PBXFrameworksBuildPhase;
			buildActionMask = 2147483647;
			files = (
			);
			runOnlyForDeploymentPostprocessing = 0;
		};
/* End PBXFrameworksBuildPhase section */

/* Begin PBXGroup section */
		B100000100 = {
			isa = PBXGroup;
			children = (
				B100000101 /* ShatteredColony */,
				B100000102 /* Products */,
			);
			sourceTree = "<group>";
		};
		B100000101 /* ShatteredColony */ = {
			isa = PBXGroup;
			children = (
				B100000011 /* AppDelegate.swift */,
				B100000012 /* GameViewController.swift */,
				B100000013 /* GameScene.swift */,
				B100000014 /* GameState.swift */,
				B100000015 /* GameMap.swift */,
				B100000016 /* GameConstants.swift */,
				B100000017 /* Units.swift */,
				B100000018 /* PlayerBuildings.swift */,
				B100000019 /* MapObjects.swift */,
				B10000001A /* TitleScene.swift */,
				B10000001B /* MainMenuScene.swift */,
				B10000001C /* NewGameMenuScene.swift */,
				B10000001D /* CreditsScene.swift */,
				B100000030 /* Assets.xcassets */,
				B100000031 /* LaunchScreen.storyboard */,
				B100000033 /* Main.storyboard */,
				B100000040 /* Info.plist */,
			);
			path = ShatteredColony;
			sourceTree = "<group>";
		};
		B100000102 /* Products */ = {
			isa = PBXGroup;
			children = (
				B100000010 /* ShatteredColony.app */,
			);
			name = Products;
			sourceTree = "<group>";
		};
/* End PBXGroup section */

/* Begin PBXNativeTarget section */
		B10000000F /* ShatteredColony */ = {
			isa = PBXNativeTarget;
			buildConfigurationList = B100000200 /* Build configuration list for PBXNativeTarget "ShatteredColony" */;
			buildPhases = (
				B10000000D /* Sources */,
				B10000000E /* Frameworks */,
				B100000050 /* Resources */,
			);
			buildRules = (
			);
			dependencies = (
			);
			name = ShatteredColony;
			productName = ShatteredColony;
			productReference = B100000010 /* ShatteredColony.app */;
			productType = "com.apple.product-type.application";
		};
/* End PBXNativeTarget section */

/* Begin PBXProject section */
		B100000001 /* Project object */ = {
			isa = PBXProject;
			attributes = {
				BuildIndependentTargetsInParallel = 1;
				LastSwiftUpdateCheck = 1500;
				LastUpgradeCheck = 1500;
				TargetAttributes = {
					B10000000F = {
						CreatedOnToolsVersion = 15.0;
					};
				};
			};
			buildConfigurationList = B100000201 /* Build configuration list for PBXProject "ShatteredColony" */;
			compatibilityVersion = "Xcode 14.0";
			developmentRegion = en;
			hasScannedForEncodings = 0;
			knownRegions = (
				en,
				Base,
			);
			mainGroup = B100000100;
			productRefGroup = B100000102 /* Products */;
			projectDirPath = "";
			projectRoot = "";
			targets = (
				B10000000F /* ShatteredColony */,
			);
		};
/* End PBXProject section */

/* Begin PBXResourcesBuildPhase section */
		B100000050 /* Resources */ = {
			isa = PBXResourcesBuildPhase;
			buildActionMask = 2147483647;
			files = (
				B100000020 /* Assets.xcassets in Resources */,
				B100000021 /* LaunchScreen.storyboard in Resources */,
				B100000022 /* Main.storyboard in Resources */,
			);
			runOnlyForDeploymentPostprocessing = 0;
		};
/* End PBXResourcesBuildPhase section */

/* Begin PBXSourcesBuildPhase section */
		B10000000D /* Sources */ = {
			isa = PBXSourcesBuildPhase;
			buildActionMask = 2147483647;
			files = (
				B100000001 /* AppDelegate.swift in Sources */,
				B100000002 /* GameViewController.swift in Sources */,
				B100000003 /* GameScene.swift in Sources */,
				B100000004 /* GameState.swift in Sources */,
				B100000005 /* GameMap.swift in Sources */,
				B100000006 /* GameConstants.swift in Sources */,
				B100000007 /* Units.swift in Sources */,
				B100000008 /* PlayerBuildings.swift in Sources */,
				B100000009 /* MapObjects.swift in Sources */,
				B10000000A /* TitleScene.swift in Sources */,
				B10000000B /* MainMenuScene.swift in Sources */,
				B10000000C /* NewGameMenuScene.swift in Sources */,
				B10000000D /* CreditsScene.swift in Sources */,
			);
			runOnlyForDeploymentPostprocessing = 0;
		};
/* End PBXSourcesBuildPhase section */

/* Begin PBXVariantGroup section */
		B100000031 /* LaunchScreen.storyboard */ = {
			isa = PBXVariantGroup;
			children = (
				B100000032 /* Base */,
			);
			name = LaunchScreen.storyboard;
			sourceTree = "<group>";
		};
		B100000033 /* Main.storyboard */ = {
			isa = PBXVariantGroup;
			children = (
				B100000034 /* Base */,
			);
			name = Main.storyboard;
			sourceTree = "<group>";
		};
/* End PBXVariantGroup section */

/* Begin XCBuildConfiguration section */
		B100000300 /* Debug */ = {
			isa = XCBuildConfiguration;
			buildSettings = {
				ALWAYS_SEARCH_USER_PATHS = NO;
				ASSETCATALOG_COMPILER_GENERATE_SWIFT_ASSET_SYMBOL_EXTENSIONS = YES;
				CLANG_ANALYZER_NONNULL = YES;
				CLANG_ANALYZER_NUMBER_OBJECT_CONVERSION = YES_AGGRESSIVE;
				CLANG_CXX_LANGUAGE_STANDARD = "gnu++20";
				CLANG_ENABLE_MODULES = YES;
				CLANG_ENABLE_OBJC_ARC = YES;
				CLANG_ENABLE_OBJC_WEAK = YES;
				CLANG_WARN_BLOCK_CAPTURE_AUTORELEASING = YES;
				CLANG_WARN_BOOL_CONVERSION = YES;
				CLANG_WARN_COMMA = YES;
				CLANG_WARN_CONSTANT_CONVERSION = YES;
				CLANG_WARN_DEPRECATED_OBJC_IMPLEMENTATIONS = YES;
				CLANG_WARN_DIRECT_OBJC_ISA_USAGE = YES_ERROR;
				CLANG_WARN_DOCUMENTATION_COMMENTS = YES;
				CLANG_WARN_EMPTY_BODY = YES;
				CLANG_WARN_ENUM_CONVERSION = YES;
				CLANG_WARN_INFINITE_RECURSION = YES;
				CLANG_WARN_INT_CONVERSION = YES;
				CLANG_WARN_NON_LITERAL_NULL_CONVERSION = YES;
				CLANG_WARN_OBJC_IMPLICIT_RETAIN_SELF = YES;
				CLANG_WARN_OBJC_LITERAL_CONVERSION = YES;
				CLANG_WARN_OBJC_ROOT_CLASS = YES_ERROR;
				CLANG_WARN_QUOTED_INCLUDE_IN_FRAMEWORK_HEADER = YES;
				CLANG_WARN_RANGE_LOOP_ANALYSIS = YES;
				CLANG_WARN_STRICT_PROTOTYPES = YES;
				CLANG_WARN_SUSPICIOUS_MOVE = YES;
				CLANG_WARN_UNGUARDED_AVAILABILITY = YES_AGGRESSIVE;
				CLANG_WARN_UNREACHABLE_CODE = YES;
				CLANG_WARN__DUPLICATE_METHOD_MATCH = YES;
				COPY_PHASE_STRIP = NO;
				DEBUG_INFORMATION_FORMAT = dwarf;
				ENABLE_STRICT_OBJC_MSGSEND = YES;
				ENABLE_TESTABILITY = YES;
				ENABLE_USER_SCRIPT_SANDBOXING = YES;
				GCC_C_LANGUAGE_STANDARD = gnu17;
				GCC_DYNAMIC_NO_PIC = NO;
				GCC_NO_COMMON_BLOCKS = YES;
				GCC_OPTIMIZATION_LEVEL = 0;
				GCC_PREPROCESSOR_DEFINITIONS = (
					"DEBUG=1",
					"$(inherited)",
				);
				GCC_WARN_64_TO_32_BIT_CONVERSION = YES;
				GCC_WARN_ABOUT_RETURN_TYPE = YES_ERROR;
				GCC_WARN_UNDECLARED_SELECTOR = YES;
				GCC_WARN_UNINITIALIZED_AUTOS = YES_AGGRESSIVE;
				GCC_WARN_UNUSED_FUNCTION = YES;
				GCC_WARN_UNUSED_VARIABLE = YES;
				IPHONEOS_DEPLOYMENT_TARGET = 15.0;
				LOCALIZATION_PREFERS_STRING_CATALOGS = YES;
				MTL_ENABLE_DEBUG_INFO = INCLUDE_SOURCE;
				MTL_FAST_MATH = YES;
				ONLY_ACTIVE_ARCH = YES;
				SDKROOT = iphoneos;
				SWIFT_ACTIVE_COMPILATION_CONDITIONS = "DEBUG $(inherited)";
				SWIFT_OPTIMIZATION_LEVEL = "-Onone";
			};
			name = Debug;
		};
		B100000301 /* Release */ = {
			isa = XCBuildConfiguration;
			buildSettings = {
				ALWAYS_SEARCH_USER_PATHS = NO;
				ASSETCATALOG_COMPILER_GENERATE_SWIFT_ASSET_SYMBOL_EXTENSIONS = YES;
				CLANG_ANALYZER_NONNULL = YES;
				CLANG_ANALYZER_NUMBER_OBJECT_CONVERSION = YES_AGGRESSIVE;
				CLANG_CXX_LANGUAGE_STANDARD = "gnu++20";
				CLANG_ENABLE_MODULES = YES;
				CLANG_ENABLE_OBJC_ARC = YES;
				CLANG_ENABLE_OBJC_WEAK = YES;
				CLANG_WARN_BLOCK_CAPTURE_AUTORELEASING = YES;
				CLANG_WARN_BOOL_CONVERSION = YES;
				CLANG_WARN_COMMA = YES;
				CLANG_WARN_CONSTANT_CONVERSION = YES;
				CLANG_WARN_DEPRECATED_OBJC_IMPLEMENTATIONS = YES;
				CLANG_WARN_DIRECT_OBJC_ISA_USAGE = YES_ERROR;
				CLANG_WARN_DOCUMENTATION_COMMENTS = YES;
				CLANG_WARN_EMPTY_BODY = YES;
				CLANG_WARN_ENUM_CONVERSION = YES;
				CLANG_WARN_INFINITE_RECURSION = YES;
				CLANG_WARN_INT_CONVERSION = YES;
				CLANG_WARN_NON_LITERAL_NULL_CONVERSION = YES;
				CLANG_WARN_OBJC_IMPLICIT_RETAIN_SELF = YES;
				CLANG_WARN_OBJC_LITERAL_CONVERSION = YES;
				CLANG_WARN_OBJC_ROOT_CLASS = YES_ERROR;
				CLANG_WARN_QUOTED_INCLUDE_IN_FRAMEWORK_HEADER = YES;
				CLANG_WARN_RANGE_LOOP_ANALYSIS = YES;
				CLANG_WARN_STRICT_PROTOTYPES = YES;
				CLANG_WARN_SUSPICIOUS_MOVE = YES;
				CLANG_WARN_UNGUARDED_AVAILABILITY = YES_AGGRESSIVE;
				CLANG_WARN_UNREACHABLE_CODE = YES;
				CLANG_WARN__DUPLICATE_METHOD_MATCH = YES;
				COPY_PHASE_STRIP = NO;
				DEBUG_INFORMATION_FORMAT = "dwarf-with-dsym";
				ENABLE_NS_ASSERTIONS = NO;
				ENABLE_STRICT_OBJC_MSGSEND = YES;
				ENABLE_USER_SCRIPT_SANDBOXING = YES;
				GCC_C_LANGUAGE_STANDARD = gnu17;
				GCC_NO_COMMON_BLOCKS = YES;
				GCC_WARN_64_TO_32_BIT_CONVERSION = YES;
				GCC_WARN_ABOUT_RETURN_TYPE = YES_ERROR;
				GCC_WARN_UNDECLARED_SELECTOR = YES;
				GCC_WARN_UNINITIALIZED_AUTOS = YES_AGGRESSIVE;
				GCC_WARN_UNUSED_FUNCTION = YES;
				GCC_WARN_UNUSED_VARIABLE = YES;
				IPHONEOS_DEPLOYMENT_TARGET = 15.0;
				LOCALIZATION_PREFERS_STRING_CATALOGS = YES;
				MTL_ENABLE_DEBUG_INFO = NO;
				MTL_FAST_MATH = YES;
				SDKROOT = iphoneos;
				SWIFT_COMPILATION_MODE = wholemodule;
				VALIDATE_PRODUCT = YES;
			};
			name = Release;
		};
		B100000302 /* Debug */ = {
			isa = XCBuildConfiguration;
			buildSettings = {
				ASSETCATALOG_COMPILER_APPICON_NAME = AppIcon;
				ASSETCATALOG_COMPILER_GLOBAL_ACCENT_COLOR_NAME = AccentColor;
				CODE_SIGN_STYLE = Automatic;
				CURRENT_PROJECT_VERSION = 1;
				GENERATE_INFOPLIST_FILE = YES;
				INFOPLIST_FILE = ShatteredColony/Info.plist;
				INFOPLIST_KEY_UIApplicationSupportsIndirectInputEvents = YES;
				INFOPLIST_KEY_UILaunchStoryboardName = LaunchScreen;
				INFOPLIST_KEY_UIMainStoryboardFile = Main;
				INFOPLIST_KEY_UIRequiresFullScreen = YES;
				INFOPLIST_KEY_UISupportedInterfaceOrientations = "UIInterfaceOrientationLandscapeLeft UIInterfaceOrientationLandscapeRight";
				LD_RUNPATH_SEARCH_PATHS = (
					"$(inherited)",
					"@executable_path/Frameworks",
				);
				MARKETING_VERSION = 8.0;
				PRODUCT_BUNDLE_IDENTIFIER = com.ci.ShatteredColony;
				PRODUCT_NAME = "$(TARGET_NAME)";
				SWIFT_EMIT_LOC_STRINGS = YES;
				SWIFT_VERSION = 5.0;
				TARGETED_DEVICE_FAMILY = "1,2";
			};
			name = Debug;
		};
		B100000303 /* Release */ = {
			isa = XCBuildConfiguration;
			buildSettings = {
				ASSETCATALOG_COMPILER_APPICON_NAME = AppIcon;
				ASSETCATALOG_COMPILER_GLOBAL_ACCENT_COLOR_NAME = AccentColor;
				CODE_SIGN_STYLE = Automatic;
				CURRENT_PROJECT_VERSION = 1;
				GENERATE_INFOPLIST_FILE = YES;
				INFOPLIST_FILE = ShatteredColony/Info.plist;
				INFOPLIST_KEY_UIApplicationSupportsIndirectInputEvents = YES;
				INFOPLIST_KEY_UILaunchStoryboardName = LaunchScreen;
				INFOPLIST_KEY_UIMainStoryboardFile = Main;
				INFOPLIST_KEY_UIRequiresFullScreen = YES;
				INFOPLIST_KEY_UISupportedInterfaceOrientations = "UIInterfaceOrientationLandscapeLeft UIInterfaceOrientationLandscapeRight";
				LD_RUNPATH_SEARCH_PATHS = (
					"$(inherited)",
					"@executable_path/Frameworks",
				);
				MARKETING_VERSION = 8.0;
				PRODUCT_BUNDLE_IDENTIFIER = com.ci.ShatteredColony;
				PRODUCT_NAME = "$(TARGET_NAME)";
				SWIFT_EMIT_LOC_STRINGS = YES;
				SWIFT_VERSION = 5.0;
				TARGETED_DEVICE_FAMILY = "1,2";
			};
			name = Release;
		};
/* End XCBuildConfiguration section */

/* Begin XCConfigurationList section */
		B100000200 /* Build configuration list for PBXNativeTarget "ShatteredColony" */ = {
			isa = XCConfigurationList;
			buildConfigurations = (
				B100000302 /* Debug */,
				B100000303 /* Release */,
			);
			defaultConfigurationIsVisible = 0;
			defaultConfigurationName = Release;
		};
		B100000201 /* Build configuration list for PBXProject "ShatteredColony" */ = {
			isa = XCConfigurationList;
			buildConfigurations = (
				B100000300 /* Debug */,
				B100000301 /* Release */,
			);
			defaultConfigurationIsVisible = 0;
			defaultConfigurationName = Release;
		};
/* End XCConfigurationList section */
	};
	rootObject = B100000001 /* Project object */;
}
